// !$*UTF8*$!
{
	archiveVersion = 1;
	classes = {
	};
	objectVersion = 56;
	objects = {

/* Begin PBXBuildFile section */
		777AB3F329741951005BF7AC /* AppDelegate.swift in Sources */ = {isa = PBXBuildFile; fileRef = 777AB3F229741951005BF7AC /* AppDelegate.swift */; };
		777AB3F729741951005BF7AC /* GameViewController.swift in Sources */ = {isa = PBXBuildFile; fileRef = 777AB3F629741951005BF7AC /* GameViewController.swift */; };
		777AB3FA29741951005BF7AC /* Main.storyboard in Resources */ = {isa = PBXBuildFile; fileRef = 777AB3F829741951005BF7AC /* Main.storyboard */; };
		777AB3FC29741953005BF7AC /* Assets.xcassets in Resources */ = {isa = PBXBuildFile; fileRef = 777AB3FB29741953005BF7AC /* Assets.xcassets */; };
		777AB3FF29741953005BF7AC /* LaunchScreen.storyboard in Resources */ = {isa = PBXBuildFile; fileRef = 777AB3FD29741953005BF7AC /* LaunchScreen.storyboard */; };
		777AB40D29741D80005BF7AC /* Logo_Diffuse.png in Resources */ = {isa = PBXBuildFile; fileRef = 777AB40629741D80005BF7AC /* Logo_Diffuse.png */; };
		777AB40E29741D80005BF7AC /* Breaker.scnassets in Resources */ = {isa = PBXBuildFile; fileRef = 777AB40729741D80005BF7AC /* Breaker.scnassets */; };
		777AB40F29741D80005BF7AC /* SCNVector3+Extensions.swift in Sources */ = {isa = PBXBuildFile; fileRef = 777AB40929741D80005BF7AC /* SCNVector3+Extensions.swift */; };
		777AB41029741D80005BF7AC /* GameUtils.swift in Sources */ = {isa = PBXBuildFile; fileRef = 777AB40A29741D80005BF7AC /* GameUtils.swift */; };
		777AB41129741D80005BF7AC /* GameHelper.swift in Sources */ = {isa = PBXBuildFile; fileRef = 777AB40B29741D80005BF7AC /* GameHelper.swift */; };
		777AB41229741D80005BF7AC /* SCNAction+Extensions.swift in Sources */ = {isa = PBXBuildFile; fileRef = 777AB40C29741D80005BF7AC /* SCNAction+Extensions.swift */; };
/* End PBXBuildFile section */

/* Begin PBXFileReference section */
		777AB3EF29741951005BF7AC /* BrickBreaker.app */ = {isa = PBXFileReference; explicitFileType = wrapper.application; includeInIndex = 0; path = BrickBreaker.app; sourceTree = BUILT_PRODUCTS_DIR; };
		777AB3F229741951005BF7AC /* AppDelegate.swift */ = {isa = PBXFileReference; lastKnownFileType = sourcecode.swift; path = AppDelegate.swift; sourceTree = "<group>"; };
		777AB3F629741951005BF7AC /* GameViewController.swift */ = {isa = PBXFileReference; lastKnownFileType = sourcecode.swift; path = GameViewController.swift; sourceTree = "<group>"; };
		777AB3F929741951005BF7AC /* Base */ = {isa = PBXFileReference; lastKnownFileType = file.storyboard; name = Base; path = Base.lproj/Main.storyboard; sourceTree = "<group>"; };
		777AB3FB29741953005BF7AC /* Assets.xcassets */ = {isa = PBXFileReference; lastKnownFileType = folder.assetcatalog; path = Assets.xcassets; sourceTree = "<group>"; };
		777AB3FE29741953005BF7AC /* Base */ = {isa = PBXFileReference; lastKnownFileType = file.storyboard; name = Base; path = Base.lproj/LaunchScreen.storyboard; sourceTree = "<group>"; };
		777AB40629741D80005BF7AC /* Logo_Diffuse.png */ = {isa = PBXFileReference; lastKnownFileType = image.png; path = Logo_Diffuse.png; sourceTree = "<group>"; };
		777AB40729741D80005BF7AC /* Breaker.scnassets */ = {isa = PBXFileReference; lastKnownFileType = wrapper.scnassets; path = Breaker.scnassets; sourceTree = "<group>"; };
		777AB40929741D80005BF7AC /* SCNVector3+Extensions.swift */ = {isa = PBXFileReference; fileEncoding = 4; lastKnownFileType = sourcecode.swift; path = "SCNVector3+Extensions.swift"; sourceTree = "<group>"; };
		777AB40A29741D80005BF7AC /* GameUtils.swift */ = {isa = PBXFileReference; fileEncoding = 4; lastKnownFileType = sourcecode.swift; path = GameUtils.swift; sourceTree = "<group>"; };
		777AB40B29741D80005BF7AC /* GameHelper.swift */ = {isa = PBXFileReference; fileEncoding = 4; lastKnownFileType = sourcecode.swift; path = GameHelper.swift; sourceTree = "<group>"; };
		777AB40C29741D80005BF7AC /* SCNAction+Extensions.swift */ = {isa = PBXFileReference; fileEncoding = 4; lastKnownFileType = sourcecode.swift; path = "SCNAction+Extensions.swift"; sourceTree = "<group>"; };
/* End PBXFileReference section */

/* Begin PBXFrameworksBuildPhase section */
		777AB3EC29741951005BF7AC /* Frameworks */ = {
			isa = PBXFrameworksBuildPhase;
			buildActionMask = 2147483647;
			files = (
			);
			runOnlyForDeploymentPostprocessing = 0;
		};
/* End PBXFrameworksBuildPhase section */

/* Begin PBXGroup section */
		777AB3E629741951005BF7AC = {
			isa = PBXGroup;
			children = (
				777AB3F129741951005BF7AC /* BrickBreaker */,
				777AB3F029741951005BF7AC /* Products */,
			);
			sourceTree = "<group>";
		};
		777AB3F029741951005BF7AC /* Products */ = {
			isa = PBXGroup;
			children = (
				777AB3EF29741951005BF7AC /* BrickBreaker.app */,
			);
			name = Products;
			sourceTree = "<group>";
		};
		777AB3F129741951005BF7AC /* BrickBreaker */ = {
			isa = PBXGroup;
			children = (
				777AB3F229741951005BF7AC /* AppDelegate.swift */,
				777AB3F629741951005BF7AC /* GameViewController.swift */,
				777AB3F829741951005BF7AC /* Main.storyboard */,
				777AB3FB29741953005BF7AC /* Assets.xcassets */,
				777AB40529741D80005BF7AC /* Resources */,
				777AB3FD29741953005BF7AC /* LaunchScreen.storyboard */,
			);
			path = BrickBreaker;
			sourceTree = "<group>";
		};
		777AB40529741D80005BF7AC /* Resources */ = {
			isa = PBXGroup;
			children = (
				777AB40629741D80005BF7AC /* Logo_Diffuse.png */,
				777AB40729741D80005BF7AC /* Breaker.scnassets */,
				777AB40829741D80005BF7AC /* GameUtils */,
			);
			path = Resources;
			sourceTree = "<group>";
		};
		777AB40829741D80005BF7AC /* GameUtils */ = {
			isa = PBXGroup;
			children = (
				777AB40929741D80005BF7AC /* SCNVector3+Extensions.swift */,
				777AB40A29741D80005BF7AC /* GameUtils.swift */,
				777AB40B29741D80005BF7AC /* GameHelper.swift */,
				777AB40C29741D80005BF7AC /* SCNAction+Extensions.swift */,
			);
			path = GameUtils;
			sourceTree = "<group>";
		};
/* End PBXGroup section */

/* Begin PBXNativeTarget section */
		777AB3EE29741951005BF7AC /* BrickBreaker */ = {
			isa = PBXNativeTarget;
			buildConfigurationList = 777AB40229741953005BF7AC /* Build configuration list for PBXNativeTarget "BrickBreaker" */;
			buildPhases = (
				777AB3EB29741951005BF7AC /* Sources */,
				777AB3EC29741951005BF7AC /* Frameworks */,
				777AB3ED29741951005BF7AC /* Resources */,
			);
			buildRules = (
			);
			dependencies = (
			);
			name = BrickBreaker;
			productName = BrickBreaker;
			productReference = 777AB3EF29741951005BF7AC /* BrickBreaker.app */;
			productType = "com.apple.product-type.application";
		};
/* End PBXNativeTarget section */

/* Begin PBXProject section */
		777AB3E729741951005BF7AC /* Project object */ = {
			isa = PBXProject;
			attributes = {
				BuildIndependentTargetsInParallel = 1;
				LastSwiftUpdateCheck = 1410;
				LastUpgradeCheck = 1410;
				TargetAttributes = {
					777AB3EE29741951005BF7AC = {
						CreatedOnToolsVersion = 14.1;
					};
				};
			};
			buildConfigurationList = 777AB3EA29741951005BF7AC /* Build configuration list for PBXProject "BrickBreaker" */;
			compatibilityVersion = "Xcode 14.0";
			developmentRegion = en;
			hasScannedForEncodings = 0;
			knownRegions = (
				en,
				Base,
			);
			mainGroup = 777AB3E629741951005BF7AC;
			productRefGroup = 777AB3F029741951005BF7AC /* Products */;
			projectDirPath = "";
			projectRoot = "";
			targets = (
				777AB3EE29741951005BF7AC /* BrickBreaker */,
			);
		};
/* End PBXProject section */

/* Begin PBXResourcesBuildPhase section */
		777AB3ED29741951005BF7AC /* Resources */ = {
			isa = PBXResourcesBuildPhase;
			buildActionMask = 2147483647;
			files = (
				777AB40E29741D80005BF7AC /* Breaker.scnassets in Resources */,
				777AB3FF29741953005BF7AC /* LaunchScreen.storyboard in Resources */,
				777AB40D29741D80005BF7AC /* Logo_Diffuse.png in Resources */,
				777AB3FC29741953005BF7AC /* Assets.xcassets in Resources */,
				777AB3FA29741951005BF7AC /* Main.storyboard in Resources */,
			);
			runOnlyForDeploymentPostprocessing = 0;
		};
/* End PBXResourcesBuildPhase section */

/* Begin PBXSourcesBuildPhase section */
		777AB3EB29741951005BF7AC /* Sources */ = {
			isa = PBXSourcesBuildPhase;
			buildActionMask = 2147483647;
			files = (
				777AB41129741D80005BF7AC /* GameHelper.swift in Sources */,
				777AB3F729741951005BF7AC /* GameViewController.swift in Sources */,
				777AB41229741D80005BF7AC /* SCNAction+Extensions.swift in Sources */,
				777AB41029741D80005BF7AC /* GameUtils.swift in Sources */,
				777AB40F29741D80005BF7AC /* SCNVector3+Extensions.swift in Sources */,
				777AB3F329741951005BF7AC /* AppDelegate.swift in Sources */,
			);
			runOnlyForDeploymentPostprocessing = 0;
		};
/* End PBXSourcesBuildPhase section */

/* Begin PBXVariantGroup section */
		777AB3F829741951005BF7AC /* Main.storyboard */ = {
			isa = PBXVariantGroup;
			children = (
				777AB3F929741951005BF7AC /* Base */,
			);
			name = Main.storyboard;
			sourceTree = "<group>";
		};
		777AB3FD29741953005BF7AC /* LaunchScreen.storyboard */ = {
			isa = PBXVariantGroup;
			children = (
				777AB3FE29741953005BF7AC /* Base */,
			);
			name = LaunchScreen.storyboard;
			sourceTree = "<group>";
		};
/* End PBXVariantGroup section */

/* Begin XCBuildConfiguration section */
		777AB40029741953005BF7AC /* Debug */ = {
			isa = XCBuildConfiguration;
			buildSettings = {
				ALWAYS_SEARCH_USER_PATHS = NO;
				CLANG_ANALYZER_NONNULL = YES;
				CLANG_ANALYZER_NUMBER_OBJECT_CONVERSION = YES_AGGRESSIVE;
				CLANG_CXX_LANGUAGE_STANDARD = "gnu++20";
				CLANG_ENABLE_MODULES = YES;
				CLANG_ENABLE_OBJC_ARC = YES;
				CLANG_ENABLE_OBJC_WEAK = YES;
				CLANG_WARN_BLOCK_CAPTURE_AUTORELEASING = YES;
				CLANG_WARN_BOOL_CONVERSION = YES;
				CLANG_WARN_COMMA = YES;
				CLANG_WARN_CONSTANT_CONVERSION = YES;
				CLANG_WARN_DEPRECATED_OBJC_IMPLEMENTATIONS = YES;
				CLANG_WARN_DIRECT_OBJC_ISA_USAGE = YES_ERROR;
				CLANG_WARN_DOCUMENTATION_COMMENTS = YES;
				CLANG_WARN_EMPTY_BODY = YES;
				CLANG_WARN_ENUM_CONVERSION = YES;
				CLANG_WARN_INFINITE_RECURSION = YES;
				CLANG_WARN_INT_CONVERSION = YES;
				CLANG_WARN_NON_LITERAL_NULL_CONVERSION = YES;
				CLANG_WARN_OBJC_IMPLICIT_RETAIN_SELF = YES;
				CLANG_WARN_OBJC_LITERAL_CONVERSION = YES;
				CLANG_WARN_OBJC_ROOT_CLASS = YES_ERROR;
				CLANG_WARN_QUOTED_INCLUDE_IN_FRAMEWORK_HEADER = YES;
				CLANG_WARN_RANGE_LOOP_ANALYSIS = YES;
				CLANG_WARN_STRICT_PROTOTYPES = YES;
				CLANG_WARN_SUSPICIOUS_MOVE = YES;
				CLANG_WARN_UNGUARDED_AVAILABILITY = YES_AGGRESSIVE;
				CLANG_WARN_UNREACHABLE_CODE = YES;
				CLANG_WARN__DUPLICATE_METHOD_MATCH = YES;
				COPY_PHASE_STRIP = NO;
				DEBUG_INFORMATION_FORMAT = dwarf;
				ENABLE_STRICT_OBJC_MSGSEND = YES;
				ENABLE_TESTABILITY = YES;
				GCC_C_LANGUAGE_STANDARD = gnu11;
				GCC_DYNAMIC_NO_PIC = NO;
				GCC_NO_COMMON_BLOCKS = YES;
				GCC_OPTIMIZATION_LEVEL = 0;
				GCC_PREPROCESSOR_DEFINITIONS = (
					"DEBUG=1",
					"$(inherited)",
				);
				GCC_WARN_64_TO_32_BIT_CONVERSION = YES;
				GCC_WARN_ABOUT_RETURN_TYPE = YES_ERROR;
				GCC_WARN_UNDECLARED_SELECTOR = YES;
				GCC_WARN_UNINITIALIZED_AUTOS = YES_AGGRESSIVE;
				GCC_WARN_UNUSED_FUNCTION = YES;
				GCC_WARN_UNUSED_VARIABLE = YES;
				IPHONEOS_DEPLOYMENT_TARGET = 16.1;
				MTL_ENABLE_DEBUG_INFO = INCLUDE_SOURCE;
				MTL_FAST_MATH = YES;
				ONLY_ACTIVE_ARCH = YES;
				SDKROOT = iphoneos;
				SWIFT_ACTIVE_COMPILATION_CONDITIONS = DEBUG;
				SWIFT_OPTIMIZATION_LEVEL = "-Onone";
			};
			name = Debug;
		};
		777AB40129741953005BF7AC /* Release */ = {
			isa = XCBuildConfiguration;
			buildSettings = {
				ALWAYS_SEARCH_USER_PATHS = NO;
				CLANG_ANALYZER_NONNULL = YES;
				CLANG_ANALYZER_NUMBER_OBJECT_CONVERSION = YES_AGGRESSIVE;
				CLANG_CXX_LANGUAGE_STANDARD = "gnu++20";
				CLANG_ENABLE_MODULES = YES;
				CLANG_ENABLE_OBJC_ARC = YES;
				CLANG_ENABLE_OBJC_WEAK = YES;
				CLANG_WARN_BLOCK_CAPTURE_AUTORELEASING = YES;
				CLANG_WARN_BOOL_CONVERSION = YES;
				CLANG_WARN_COMMA = YES;
				CLANG_WARN_CONSTANT_CONVERSION = YES;
				CLANG_WARN_DEPRECATED_OBJC_IMPLEMENTATIONS = YES;
				CLANG_WARN_DIRECT_OBJC_ISA_USAGE = YES_ERROR;
				CLANG_WARN_DOCUMENTATION_COMMENTS = YES;
				CLANG_WARN_EMPTY_BODY = YES;
				CLANG_WARN_ENUM_CONVERSION = YES;
				CLANG_WARN_INFINITE_RECURSION = YES;
				CLANG_WARN_INT_CONVERSION = YES;
				CLANG_WARN_NON_LITERAL_NULL_CONVERSION = YES;
				CLANG_WARN_OBJC_IMPLICIT_RETAIN_SELF = YES;
				CLANG_WARN_OBJC_LITERAL_CONVERSION = YES;
				CLANG_WARN_OBJC_ROOT_CLASS = YES_ERROR;
				CLANG_WARN_QUOTED_INCLUDE_IN_FRAMEWORK_HEADER = YES;
				CLANG_WARN_RANGE_LOOP_ANALYSIS = YES;
				CLANG_WARN_STRICT_PROTOTYPES = YES;
				CLANG_WARN_SUSPICIOUS_MOVE = YES;
				CLANG_WARN_UNGUARDED_AVAILABILITY = YES_AGGRESSIVE;
				CLANG_WARN_UNREACHABLE_CODE = YES;
				CLANG_WARN__DUPLICATE_METHOD_MATCH = YES;
				COPY_PHASE_STRIP = NO;
				DEBUG_INFORMATION_FORMAT = "dwarf-with-dsym";
				ENABLE_NS_ASSERTIONS = NO;
				ENABLE_STRICT_OBJC_MSGSEND = YES;
				GCC_C_LANGUAGE_STANDARD = gnu11;
				GCC_NO_COMMON_BLOCKS = YES;
				GCC_WARN_64_TO_32_BIT_CONVERSION = YES;
				GCC_WARN_ABOUT_RETURN_TYPE = YES_ERROR;
				GCC_WARN_UNDECLARED_SELECTOR = YES;
				GCC_WARN_UNINITIALIZED_AUTOS = YES_AGGRESSIVE;
				GCC_WARN_UNUSED_FUNCTION = YES;
				GCC_WARN_UNUSED_VARIABLE = YES;
				IPHONEOS_DEPLOYMENT_TARGET = 16.1;
				MTL_ENABLE_DEBUG_INFO = NO;
				MTL_FAST_MATH = YES;
				SDKROOT = iphoneos;
				SWIFT_COMPILATION_MODE = wholemodule;
				SWIFT_OPTIMIZATION_LEVEL = "-O";
				VALIDATE_PRODUCT = YES;
			};
			name = Release;
		};
		777AB40329741953005BF7AC /* Debug */ = {
			isa = XCBuildConfiguration;
			buildSettings = {
				ASSETCATALOG_COMPILER_APPICON_NAME = AppIcon;
				ASSETCATALOG_COMPILER_GLOBAL_ACCENT_COLOR_NAME = AccentColor;
				CODE_SIGN_STYLE = Automatic;
				CURRENT_PROJECT_VERSION = 1;
				DEVELOPMENT_TEAM = W4TK6FX4PU;
				GENERATE_INFOPLIST_FILE = YES;
				INFOPLIST_KEY_UIApplicationSupportsIndirectInputEvents = YES;
				INFOPLIST_KEY_UILaunchStoryboardName = LaunchScreen;
				INFOPLIST_KEY_UIMainStoryboardFile = Main;
				INFOPLIST_KEY_UIStatusBarHidden = YES;
				INFOPLIST_KEY_UISupportedInterfaceOrientations_iPad = "UIInterfaceOrientationPortrait UIInterfaceOrientationPortraitUpsideDown UIInterfaceOrientationLandscapeLeft UIInterfaceOrientationLandscapeRight";
				INFOPLIST_KEY_UISupportedInterfaceOrientations_iPhone = "UIInterfaceOrientationPortrait UIInterfaceOrientationLandscapeLeft UIInterfaceOrientationLandscapeRight";
				IPHONEOS_DEPLOYMENT_TARGET = 12.0;
				LD_RUNPATH_SEARCH_PATHS = (
					"$(inherited)",
					"@executable_path/Frameworks",
				);
				MARKETING_VERSION = 1.0;
				PRODUCT_BUNDLE_IDENTIFIER = com.makabaka.BrickBreaker;
				PRODUCT_NAME = "$(TARGET_NAME)";
				SWIFT_EMIT_LOC_STRINGS = YES;
				SWIFT_VERSION = 5.0;
				TARGETED_DEVICE_FAMILY = "1,2";
			};
			name = Debug;
		};
		777AB40429741953005BF7AC /* Release */ = {
			isa = XCBuildConfiguration;
			buildSettings = {
				ASSETCATALOG_COMPILER_APPICON_NAME = AppIcon;
				ASSETCATALOG_COMPILER_GLOBAL_ACCENT_COLOR_NAME = AccentColor;
				CODE_SIGN_STYLE = Automatic;
				CURRENT_PROJECT_VERSION = 1;
				DEVELOPMENT_TEAM = W4TK6FX4PU;
				GENERATE_INFOPLIST_FILE = YES;
				INFOPLIST_KEY_UIApplicationSupportsIndirectInputEvents = YES;
				INFOPLIST_KEY_UILaunchStoryboardName = LaunchScreen;
				INFOPLIST_KEY_UIMainStoryboardFile = Main;
				INFOPLIST_KEY_UIStatusBarHidden = YES;
				INFOPLIST_KEY_UISupportedInterfaceOrientations_iPad = "UIInterfaceOrientationPortrait UIInterfaceOrientationPortraitUpsideDown UIInterfaceOrientationLandscapeLeft UIInterfaceOrientationLandscapeRight";
				INFOPLIST_KEY_UISupportedInterfaceOrientations_iPhone = "UIInterfaceOrientationPortrait UIInterfaceOrientationLandscapeLeft UIInterfaceOrientationLandscapeRight";
				IPHONEOS_DEPLOYMENT_TARGET = 12.0;
				LD_RUNPATH_SEARCH_PATHS = (
					"$(inherited)",
					"@executable_path/Frameworks",
				);
				MARKETING_VERSION = 1.0;
				PRODUCT_BUNDLE_IDENTIFIER = com.makabaka.BrickBreaker;
				PRODUCT_NAME = "$(TARGET_NAME)";
				SWIFT_EMIT_LOC_STRINGS = YES;
				SWIFT_VERSION = 5.0;
				TARGETED_DEVICE_FAMILY = "1,2";
			};
			name = Release;
		};
/* End XCBuildConfiguration section */

/* Begin XCConfigurationList section */
		777AB3EA29741951005BF7AC /* Build configuration list for PBXProject "BrickBreaker" */ = {
			isa = XCConfigurationList;
			buildConfigurations = (
				777AB40029741953005BF7AC /* Debug */,
				777AB40129741953005BF7AC /* Release */,
			);
			defaultConfigurationIsVisible = 0;
			defaultConfigurationName = Release;
		};
		777AB40229741953005BF7AC /* Build configuration list for PBXNativeTarget "BrickBreaker" */ = {
			isa = XCConfigurationList;
			buildConfigurations = (
				777AB40329741953005BF7AC /* Debug */,
				777AB40429741953005BF7AC /* Release */,
			);
			defaultConfigurationIsVisible = 0;
			defaultConfigurationName = Release;
		};
/* End XCConfigurationList section */
	};
	rootObject = 777AB3E729741951005BF7AC /* Project object */;
}
